
Microsoft Visual Studio Solution File, Format Version 12.00
# Visual Studio Version 17
VisualStudioVersion = 17.0.31903.59
MinimumVisualStudioVersion = 10.0.40219.1
Project("{9A19103F-16F7-4668-BE54-9A1E7A4F7556}") = "ConsoleHost", "examples\ConsoleHost\ConsoleHost.csproj", "{E5CC5406-18E2-4BA8-85E3-DC93104CEEBB}"
EndProject
Project("{2150E333-8FDC-42A3-9474-1A3956D46DE8}") = "examples", "examples", "{F30E7361-76E1-497C-9FAF-FA77F645C94E}"
EndProject
Project("{9A19103F-16F7-4668-BE54-9A1E7A4F7556}") = "WebConsoleHost", "examples\WebConsoleHost\WebConsoleHost.csproj", "{A2C9BE5B-812F-4CF6-B30B-327CA1C6F1D9}"
EndProject
Project("{2150E333-8FDC-42A3-9474-1A3956D46DE8}") = "plugins", "plugins", "{EBA21F9B-B2BD-48C9-AB42-FF02CF19B03F}"
EndProject
Project("{9A19103F-16F7-4668-BE54-9A1E7A4F7556}") = "MATSys.Plugins.CSVRecorder", "plugins\MATSys.Plugins.CSVRecorder\MATSys.Plugins.CSVRecorder.csproj", "{7D5AE1D9-9614-4D05-908E-32B2D2F5B6E6}"
EndProject
Project("{9A19103F-16F7-4668-BE54-9A1E7A4F7556}") = "MATSys.Plugins.NetMQNotifier", "plugins\MATSys.Plugins.NetMQNotifier\MATSys.Plugins.NetMQNotifier.csproj", "{CE46C476-5434-4FAB-89EF-2E92EBCC5556}"
EndProject
Project("{9A19103F-16F7-4668-BE54-9A1E7A4F7556}") = "MATSys.Plugins.NetMQTransceiver", "plugins\MATSys.Plugins.NetMQTransceiver\MATSys.Plugins.NetMQTransceiver.csproj", "{AA78E106-6231-4C01-93D2-FC177FFA1D7B}"
EndProject
Project("{9A19103F-16F7-4668-BE54-9A1E7A4F7556}") = "Test", "Test\Test.csproj", "{FE4A6E87-B269-44CC-86A0-B224D9AD6100}"
EndProject
Project("{9A19103F-16F7-4668-BE54-9A1E7A4F7556}") = "MATSys", "MATSys\MATSys.csproj", "{48E00B53-ECD5-457E-8F06-2D63D1350762}"
EndProject
Project("{9A19103F-16F7-4668-BE54-9A1E7A4F7556}") = "MATSys.Hosting.Grpc", "MATSys.Hosting.Grpc\MATSys.Hosting.Grpc.csproj", "{2189B7E9-6136-4C66-BD54-10AA5D0D024D}"
EndProject
Project("{9A19103F-16F7-4668-BE54-9A1E7A4F7556}") = "MATSys.Utilities", "MATSys.Utilities\MATSys.Utilities.csproj", "{4609BB0A-4724-467F-B88C-5B05D7A45F56}"
EndProject
Project("{2150E333-8FDC-42A3-9474-1A3956D46DE8}") = "benchmark", "benchmark", "{713BC1D8-4FE3-4DBD-80C9-1E39576FB4FF}"
EndProject
Project("{9A19103F-16F7-4668-BE54-9A1E7A4F7556}") = "benchamrk", "benchmark\benchamrk\benchamrk.csproj", "{D8D562C0-5131-4541-B2F3-71207D5AA47E}"
EndProject
Project("{9A19103F-16F7-4668-BE54-9A1E7A4F7556}") = "InvokerBenchmark", "benchmark\InvokerBenchmark\InvokerBenchmark.csproj", "{30206596-9F0A-4546-B7C0-3664E611B36C}"
EndProject
Project("{9A19103F-16F7-4668-BE54-9A1E7A4F7556}") = "MATSys.Hosting", "MATSys.Hosting\MATSys.Hosting.csproj", "{0693E8A8-AC63-4E6E-9D2C-4F53FEA64556}"
EndProject
Project("{FAE04EC0-301F-11D3-BF4B-00C04F79EFBC}") = "net35TestConsole", "net35TestConsole\net35TestConsole.csproj", "{C3DC78D3-7D02-40C6-916D-29CDE731864F}"
EndProject
Project("{9A19103F-16F7-4668-BE54-9A1E7A4F7556}") = "UT_MATSys", "UT_MATSys\UT_MATSys.csproj", "{869103FE-1091-4C27-B73F-7EA5E98621DB}"
EndProject
Project("{FAE04EC0-301F-11D3-BF4B-00C04F79EFBC}") = "ConsoleHostNet47", "examples\ConsoleHostNet47\ConsoleHostNet47.csproj", "{E9FC6760-068D-4DE4-8B18-E46223DC0A45}"
EndProject
Project("{FAE04EC0-301F-11D3-BF4B-00C04F79EFBC}") = "MockModulesLibrary", "examples\MockModulesLibrary\MockModulesLibrary.csproj", "{F5981D13-999A-4BC7-8C08-A642F85D829F}"
EndProject
Global
	GlobalSection(SolutionConfigurationPlatforms) = preSolution
		Debug|Any CPU = Debug|Any CPU
		Release|Any CPU = Release|Any CPU
	EndGlobalSection
	GlobalSection(ProjectConfigurationPlatforms) = postSolution
		{E5CC5406-18E2-4BA8-85E3-DC93104CEEBB}.Debug|Any CPU.ActiveCfg = Debug|Any CPU
		{E5CC5406-18E2-4BA8-85E3-DC93104CEEBB}.Debug|Any CPU.Build.0 = Debug|Any CPU
		{E5CC5406-18E2-4BA8-85E3-DC93104CEEBB}.Release|Any CPU.ActiveCfg = Release|Any CPU
		{E5CC5406-18E2-4BA8-85E3-DC93104CEEBB}.Release|Any CPU.Build.0 = Release|Any CPU
		{A2C9BE5B-812F-4CF6-B30B-327CA1C6F1D9}.Debug|Any CPU.ActiveCfg = Debug|Any CPU
		{A2C9BE5B-812F-4CF6-B30B-327CA1C6F1D9}.Debug|Any CPU.Build.0 = Debug|Any CPU
		{A2C9BE5B-812F-4CF6-B30B-327CA1C6F1D9}.Release|Any CPU.ActiveCfg = Release|Any CPU
		{A2C9BE5B-812F-4CF6-B30B-327CA1C6F1D9}.Release|Any CPU.Build.0 = Release|Any CPU
		{7D5AE1D9-9614-4D05-908E-32B2D2F5B6E6}.Debug|Any CPU.ActiveCfg = Debug|Any CPU
		{7D5AE1D9-9614-4D05-908E-32B2D2F5B6E6}.Debug|Any CPU.Build.0 = Debug|Any CPU
		{7D5AE1D9-9614-4D05-908E-32B2D2F5B6E6}.Release|Any CPU.ActiveCfg = Release|Any CPU
		{7D5AE1D9-9614-4D05-908E-32B2D2F5B6E6}.Release|Any CPU.Build.0 = Release|Any CPU
		{CE46C476-5434-4FAB-89EF-2E92EBCC5556}.Debug|Any CPU.ActiveCfg = Debug|Any CPU
		{CE46C476-5434-4FAB-89EF-2E92EBCC5556}.Debug|Any CPU.Build.0 = Debug|Any CPU
		{CE46C476-5434-4FAB-89EF-2E92EBCC5556}.Release|Any CPU.ActiveCfg = Release|Any CPU
		{CE46C476-5434-4FAB-89EF-2E92EBCC5556}.Release|Any CPU.Build.0 = Release|Any CPU
		{AA78E106-6231-4C01-93D2-FC177FFA1D7B}.Debug|Any CPU.ActiveCfg = Debug|Any CPU
		{AA78E106-6231-4C01-93D2-FC177FFA1D7B}.Debug|Any CPU.Build.0 = Debug|Any CPU
		{AA78E106-6231-4C01-93D2-FC177FFA1D7B}.Release|Any CPU.ActiveCfg = Release|Any CPU
		{AA78E106-6231-4C01-93D2-FC177FFA1D7B}.Release|Any CPU.Build.0 = Release|Any CPU
		{FE4A6E87-B269-44CC-86A0-B224D9AD6100}.Debug|Any CPU.ActiveCfg = Debug|Any CPU
		{FE4A6E87-B269-44CC-86A0-B224D9AD6100}.Debug|Any CPU.Build.0 = Debug|Any CPU
		{FE4A6E87-B269-44CC-86A0-B224D9AD6100}.Release|Any CPU.ActiveCfg = Release|Any CPU
		{FE4A6E87-B269-44CC-86A0-B224D9AD6100}.Release|Any CPU.Build.0 = Release|Any CPU
		{48E00B53-ECD5-457E-8F06-2D63D1350762}.Debug|Any CPU.ActiveCfg = Debug|Any CPU
		{48E00B53-ECD5-457E-8F06-2D63D1350762}.Debug|Any CPU.Build.0 = Debug|Any CPU
		{48E00B53-ECD5-457E-8F06-2D63D1350762}.Release|Any CPU.ActiveCfg = Release|Any CPU
		{48E00B53-ECD5-457E-8F06-2D63D1350762}.Release|Any CPU.Build.0 = Release|Any CPU
		{2189B7E9-6136-4C66-BD54-10AA5D0D024D}.Debug|Any CPU.ActiveCfg = Debug|Any CPU
		{2189B7E9-6136-4C66-BD54-10AA5D0D024D}.Debug|Any CPU.Build.0 = Debug|Any CPU
		{2189B7E9-6136-4C66-BD54-10AA5D0D024D}.Release|Any CPU.ActiveCfg = Release|Any CPU
		{2189B7E9-6136-4C66-BD54-10AA5D0D024D}.Release|Any CPU.Build.0 = Release|Any CPU
		{4609BB0A-4724-467F-B88C-5B05D7A45F56}.Debug|Any CPU.ActiveCfg = Debug|Any CPU
		{4609BB0A-4724-467F-B88C-5B05D7A45F56}.Debug|Any CPU.Build.0 = Debug|Any CPU
		{4609BB0A-4724-467F-B88C-5B05D7A45F56}.Release|Any CPU.ActiveCfg = Release|Any CPU
		{4609BB0A-4724-467F-B88C-5B05D7A45F56}.Release|Any CPU.Build.0 = Release|Any CPU
		{D8D562C0-5131-4541-B2F3-71207D5AA47E}.Debug|Any CPU.ActiveCfg = Debug|Any CPU
		{D8D562C0-5131-4541-B2F3-71207D5AA47E}.Debug|Any CPU.Build.0 = Debug|Any CPU
		{D8D562C0-5131-4541-B2F3-71207D5AA47E}.Release|Any CPU.ActiveCfg = Release|Any CPU
		{D8D562C0-5131-4541-B2F3-71207D5AA47E}.Release|Any CPU.Build.0 = Release|Any CPU
		{30206596-9F0A-4546-B7C0-3664E611B36C}.Debug|Any CPU.ActiveCfg = Debug|Any CPU
		{30206596-9F0A-4546-B7C0-3664E611B36C}.Debug|Any CPU.Build.0 = Debug|Any CPU
		{30206596-9F0A-4546-B7C0-3664E611B36C}.Release|Any CPU.ActiveCfg = Release|Any CPU
		{30206596-9F0A-4546-B7C0-3664E611B36C}.Release|Any CPU.Build.0 = Release|Any CPU
		{0693E8A8-AC63-4E6E-9D2C-4F53FEA64556}.Debug|Any CPU.ActiveCfg = Debug|Any CPU
		{0693E8A8-AC63-4E6E-9D2C-4F53FEA64556}.Debug|Any CPU.Build.0 = Debug|Any CPU
		{0693E8A8-AC63-4E6E-9D2C-4F53FEA64556}.Release|Any CPU.ActiveCfg = Release|Any CPU
		{0693E8A8-AC63-4E6E-9D2C-4F53FEA64556}.Release|Any CPU.Build.0 = Release|Any CPU
		{C3DC78D3-7D02-40C6-916D-29CDE731864F}.Debug|Any CPU.ActiveCfg = Debug|Any CPU
		{C3DC78D3-7D02-40C6-916D-29CDE731864F}.Debug|Any CPU.Build.0 = Debug|Any CPU
		{C3DC78D3-7D02-40C6-916D-29CDE731864F}.Release|Any CPU.ActiveCfg = Release|Any CPU
		{C3DC78D3-7D02-40C6-916D-29CDE731864F}.Release|Any CPU.Build.0 = Release|Any CPU
		{869103FE-1091-4C27-B73F-7EA5E98621DB}.Debug|Any CPU.ActiveCfg = Debug|Any CPU
		{869103FE-1091-4C27-B73F-7EA5E98621DB}.Debug|Any CPU.Build.0 = Debug|Any CPU
		{869103FE-1091-4C27-B73F-7EA5E98621DB}.Release|Any CPU.ActiveCfg = Release|Any CPU
		{869103FE-1091-4C27-B73F-7EA5E98621DB}.Release|Any CPU.Build.0 = Release|Any CPU
		{E9FC6760-068D-4DE4-8B18-E46223DC0A45}.Debug|Any CPU.ActiveCfg = Debug|Any CPU
		{E9FC6760-068D-4DE4-8B18-E46223DC0A45}.Debug|Any CPU.Build.0 = Debug|Any CPU
		{E9FC6760-068D-4DE4-8B18-E46223DC0A45}.Release|Any CPU.ActiveCfg = Release|Any CPU
		{E9FC6760-068D-4DE4-8B18-E46223DC0A45}.Release|Any CPU.Build.0 = Release|Any CPU
		{F5981D13-999A-4BC7-8C08-A642F85D829F}.Debug|Any CPU.ActiveCfg = Debug|Any CPU
		{F5981D13-999A-4BC7-8C08-A642F85D829F}.Debug|Any CPU.Build.0 = Debug|Any CPU
		{F5981D13-999A-4BC7-8C08-A642F85D829F}.Release|Any CPU.ActiveCfg = Release|Any CPU
		{F5981D13-999A-4BC7-8C08-A642F85D829F}.Release|Any CPU.Build.0 = Release|Any CPU
	EndGlobalSection
	GlobalSection(SolutionProperties) = preSolution
		HideSolutionNode = FALSE
	EndGlobalSection
	GlobalSection(NestedProjects) = preSolution
		{E5CC5406-18E2-4BA8-85E3-DC93104CEEBB} = {F30E7361-76E1-497C-9FAF-FA77F645C94E}
		{A2C9BE5B-812F-4CF6-B30B-327CA1C6F1D9} = {F30E7361-76E1-497C-9FAF-FA77F645C94E}
		{7D5AE1D9-9614-4D05-908E-32B2D2F5B6E6} = {EBA21F9B-B2BD-48C9-AB42-FF02CF19B03F}
		{CE46C476-5434-4FAB-89EF-2E92EBCC5556} = {EBA21F9B-B2BD-48C9-AB42-FF02CF19B03F}
		{AA78E106-6231-4C01-93D2-FC177FFA1D7B} = {EBA21F9B-B2BD-48C9-AB42-FF02CF19B03F}
		{D8D562C0-5131-4541-B2F3-71207D5AA47E} = {713BC1D8-4FE3-4DBD-80C9-1E39576FB4FF}
		{30206596-9F0A-4546-B7C0-3664E611B36C} = {713BC1D8-4FE3-4DBD-80C9-1E39576FB4FF}
		{E9FC6760-068D-4DE4-8B18-E46223DC0A45} = {F30E7361-76E1-497C-9FAF-FA77F645C94E}
		{F5981D13-999A-4BC7-8C08-A642F85D829F} = {F30E7361-76E1-497C-9FAF-FA77F645C94E}
	EndGlobalSection
	GlobalSection(ExtensibilityGlobals) = postSolution
		SolutionGuid = {D0E302F7-8F40-44D6-882D-F1DD9946B1FA}
	EndGlobalSection
EndGlobal
