
Microsoft Visual Studio Solution File, Format Version 12.00
# Visual Studio Version 17
VisualStudioVersion = 17.0.31903.59
MinimumVisualStudioVersion = 10.0.40219.1
Project("{2150E333-8FDC-42A3-9474-1A3956D46DE8}") = "icon", "icon", "{EC2381FC-A973-4003-9002-C200FCD2F586}"
	ProjectSection(SolutionItems) = preProject
		icon\JYTek.ico = icon\JYTek.ico
	EndProjectSection
EndProject
Project("{2150E333-8FDC-42A3-9474-1A3956D46DE8}") = "src", "src", "{79D5C996-EAF9-4311-9720-554D5904EA26}"
EndProject
Project("{9A19103F-16F7-4668-BE54-9A1E7A4F7556}") = "MATSys", "Core\MATSys.csproj", "{CBB038A9-598B-441D-9F1E-9B5A4396FF94}"
EndProject
Project("{2150E333-8FDC-42A3-9474-1A3956D46DE8}") = "examples", "examples", "{3787A6AD-AE85-4828-8476-2DE0E4E7F6CA}"
EndProject
Project("{2150E333-8FDC-42A3-9474-1A3956D46DE8}") = "plugins", "plugins", "{A57D9273-7ECC-464C-A9FC-75B9A3379FA3}"
EndProject
Project("{9A19103F-16F7-4668-BE54-9A1E7A4F7556}") = "CoreCommandServer", "plugins\CoreCommandServers\CoreCommandServer.csproj", "{5C5F306F-4894-467E-9D77-AE974E6E2AB6}"
EndProject
Project("{9A19103F-16F7-4668-BE54-9A1E7A4F7556}") = "CoreDataBus", "plugins\CoreDataBus\CoreDataBus.csproj", "{64F73B29-900F-4702-96C0-F99708B85441}"
EndProject
Project("{9A19103F-16F7-4668-BE54-9A1E7A4F7556}") = "CoreDataRecorder", "plugins\CoreDataRecorder\CoreDataRecorder.csproj", "{0A3492ED-CCB2-4AD4-A627-6CBCDB0B9427}"
EndProject
Project("{9A19103F-16F7-4668-BE54-9A1E7A4F7556}") = "Test", "examples\Test\Test.csproj", "{DD18C823-30F9-4116-8B1A-C4E56FB3D1A5}"
EndProject
Project("{FAE04EC0-301F-11D3-BF4B-00C04F79EFBC}") = "MATSys.Scripting", "MATSys.Scripting\MATSys.Scripting.csproj", "{5EB25A43-8D03-4E90-8EFF-F0C77320B2A7}"
EndProject
Global
	GlobalSection(SolutionConfigurationPlatforms) = preSolution
		Debug|Any CPU = Debug|Any CPU
		Release|Any CPU = Release|Any CPU
	EndGlobalSection
	GlobalSection(ProjectConfigurationPlatforms) = postSolution
		{CBB038A9-598B-441D-9F1E-9B5A4396FF94}.Debug|Any CPU.ActiveCfg = Debug|Any CPU
		{CBB038A9-598B-441D-9F1E-9B5A4396FF94}.Debug|Any CPU.Build.0 = Debug|Any CPU
		{CBB038A9-598B-441D-9F1E-9B5A4396FF94}.Release|Any CPU.ActiveCfg = Release|Any CPU
		{CBB038A9-598B-441D-9F1E-9B5A4396FF94}.Release|Any CPU.Build.0 = Release|Any CPU
		{5C5F306F-4894-467E-9D77-AE974E6E2AB6}.Debug|Any CPU.ActiveCfg = Debug|Any CPU
		{5C5F306F-4894-467E-9D77-AE974E6E2AB6}.Debug|Any CPU.Build.0 = Debug|Any CPU
		{5C5F306F-4894-467E-9D77-AE974E6E2AB6}.Release|Any CPU.ActiveCfg = Release|Any CPU
		{5C5F306F-4894-467E-9D77-AE974E6E2AB6}.Release|Any CPU.Build.0 = Release|Any CPU
		{64F73B29-900F-4702-96C0-F99708B85441}.Debug|Any CPU.ActiveCfg = Debug|Any CPU
		{64F73B29-900F-4702-96C0-F99708B85441}.Debug|Any CPU.Build.0 = Debug|Any CPU
		{64F73B29-900F-4702-96C0-F99708B85441}.Release|Any CPU.ActiveCfg = Release|Any CPU
		{64F73B29-900F-4702-96C0-F99708B85441}.Release|Any CPU.Build.0 = Release|Any CPU
		{0A3492ED-CCB2-4AD4-A627-6CBCDB0B9427}.Debug|Any CPU.ActiveCfg = Debug|Any CPU
		{0A3492ED-CCB2-4AD4-A627-6CBCDB0B9427}.Debug|Any CPU.Build.0 = Debug|Any CPU
		{0A3492ED-CCB2-4AD4-A627-6CBCDB0B9427}.Release|Any CPU.ActiveCfg = Release|Any CPU
		{0A3492ED-CCB2-4AD4-A627-6CBCDB0B9427}.Release|Any CPU.Build.0 = Release|Any CPU
		{DD18C823-30F9-4116-8B1A-C4E56FB3D1A5}.Debug|Any CPU.ActiveCfg = Debug|Any CPU
		{DD18C823-30F9-4116-8B1A-C4E56FB3D1A5}.Debug|Any CPU.Build.0 = Debug|Any CPU
		{DD18C823-30F9-4116-8B1A-C4E56FB3D1A5}.Release|Any CPU.ActiveCfg = Release|Any CPU
		{DD18C823-30F9-4116-8B1A-C4E56FB3D1A5}.Release|Any CPU.Build.0 = Release|Any CPU
		{5EB25A43-8D03-4E90-8EFF-F0C77320B2A7}.Debug|Any CPU.ActiveCfg = Debug|Any CPU
		{5EB25A43-8D03-4E90-8EFF-F0C77320B2A7}.Debug|Any CPU.Build.0 = Debug|Any CPU
		{5EB25A43-8D03-4E90-8EFF-F0C77320B2A7}.Release|Any CPU.ActiveCfg = Release|Any CPU
		{5EB25A43-8D03-4E90-8EFF-F0C77320B2A7}.Release|Any CPU.Build.0 = Release|Any CPU
	EndGlobalSection
	GlobalSection(SolutionProperties) = preSolution
		HideSolutionNode = FALSE
	EndGlobalSection
	GlobalSection(NestedProjects) = preSolution
		{CBB038A9-598B-441D-9F1E-9B5A4396FF94} = {79D5C996-EAF9-4311-9720-554D5904EA26}
		{5C5F306F-4894-467E-9D77-AE974E6E2AB6} = {A57D9273-7ECC-464C-A9FC-75B9A3379FA3}
		{64F73B29-900F-4702-96C0-F99708B85441} = {A57D9273-7ECC-464C-A9FC-75B9A3379FA3}
		{0A3492ED-CCB2-4AD4-A627-6CBCDB0B9427} = {A57D9273-7ECC-464C-A9FC-75B9A3379FA3}
		{DD18C823-30F9-4116-8B1A-C4E56FB3D1A5} = {3787A6AD-AE85-4828-8476-2DE0E4E7F6CA}
		{5EB25A43-8D03-4E90-8EFF-F0C77320B2A7} = {79D5C996-EAF9-4311-9720-554D5904EA26}
	EndGlobalSection
	GlobalSection(ExtensibilityGlobals) = postSolution
		SolutionGuid = {32B03236-DABD-45EA-84ED-C27B760D41A3}
		BuildVersion_StartDate = 2000/1/1
	EndGlobalSection
EndGlobal
